
Microsoft Visual Studio Solution File, Format Version 12.00
# Visual Studio Version 17
VisualStudioVersion = 17.0.31912.275
MinimumVisualStudioVersion = 10.0.40219.1
Project("{FAE04EC0-301F-11D3-BF4B-00C04F79EFBC}") = "Servicio_Integrador", "Servicio_Integrador.csproj", "{6732D7CC-7092-4991-9E64-17EAC77B48DA}"
EndProject
Project("{FAE04EC0-301F-11D3-BF4B-00C04F79EFBC}") = "Entidades", "..\Entidades\Entidades.csproj", "{51D641B8-2EC5-4AFB-BC4F-FD3359C3894B}"
EndProject
Project("{FAE04EC0-301F-11D3-BF4B-00C04F79EFBC}") = "Negocio", "..\Negocio\Negocio.csproj", "{36E011F3-6751-498E-8A79-723C41CC60CB}"
EndProject
Project("{FAE04EC0-301F-11D3-BF4B-00C04F79EFBC}") = "Servicios", "..\Servicios\Servicios.csproj", "{4ABB23DA-6765-4FD7-A1B4-274A3BB65413}"
EndProject
Project("{FAE04EC0-301F-11D3-BF4B-00C04F79EFBC}") = "Utilidades", "..\Utilidades\Utilidades.csproj", "{C4784AE3-3E60-485F-A60A-30007B35D717}"
EndProject
Project("{FAE04EC0-301F-11D3-BF4B-00C04F79EFBC}") = "Datos", "..\Datos\Datos.csproj", "{EE5F03C6-BF62-457A-9FE3-3B951C9677F1}"
EndProject
Global
	GlobalSection(SolutionConfigurationPlatforms) = preSolution
		Debug|Any CPU = Debug|Any CPU
		Release|Any CPU = Release|Any CPU
	EndGlobalSection
	GlobalSection(ProjectConfigurationPlatforms) = postSolution
		{6732D7CC-7092-4991-9E64-17EAC77B48DA}.Debug|Any CPU.ActiveCfg = Debug|Any CPU
		{6732D7CC-7092-4991-9E64-17EAC77B48DA}.Debug|Any CPU.Build.0 = Debug|Any CPU
		{6732D7CC-7092-4991-9E64-17EAC77B48DA}.Release|Any CPU.ActiveCfg = Release|Any CPU
		{6732D7CC-7092-4991-9E64-17EAC77B48DA}.Release|Any CPU.Build.0 = Release|Any CPU
		{51D641B8-2EC5-4AFB-BC4F-FD3359C3894B}.Debug|Any CPU.ActiveCfg = Debug|Any CPU
		{51D641B8-2EC5-4AFB-BC4F-FD3359C3894B}.Debug|Any CPU.Build.0 = Debug|Any CPU
		{51D641B8-2EC5-4AFB-BC4F-FD3359C3894B}.Release|Any CPU.ActiveCfg = Release|Any CPU
		{51D641B8-2EC5-4AFB-BC4F-FD3359C3894B}.Release|Any CPU.Build.0 = Release|Any CPU
		{36E011F3-6751-498E-8A79-723C41CC60CB}.Debug|Any CPU.ActiveCfg = Debug|Any CPU
		{36E011F3-6751-498E-8A79-723C41CC60CB}.Debug|Any CPU.Build.0 = Debug|Any CPU
		{36E011F3-6751-498E-8A79-723C41CC60CB}.Release|Any CPU.ActiveCfg = Release|Any CPU
		{36E011F3-6751-498E-8A79-723C41CC60CB}.Release|Any CPU.Build.0 = Release|Any CPU
		{4ABB23DA-6765-4FD7-A1B4-274A3BB65413}.Debug|Any CPU.ActiveCfg = Debug|Any CPU
		{4ABB23DA-6765-4FD7-A1B4-274A3BB65413}.Debug|Any CPU.Build.0 = Debug|Any CPU
		{4ABB23DA-6765-4FD7-A1B4-274A3BB65413}.Release|Any CPU.ActiveCfg = Release|Any CPU
		{4ABB23DA-6765-4FD7-A1B4-274A3BB65413}.Release|Any CPU.Build.0 = Release|Any CPU
		{C4784AE3-3E60-485F-A60A-30007B35D717}.Debug|Any CPU.ActiveCfg = Debug|Any CPU
		{C4784AE3-3E60-485F-A60A-30007B35D717}.Debug|Any CPU.Build.0 = Debug|Any CPU
		{C4784AE3-3E60-485F-A60A-30007B35D717}.Release|Any CPU.ActiveCfg = Release|Any CPU
		{C4784AE3-3E60-485F-A60A-30007B35D717}.Release|Any CPU.Build.0 = Release|Any CPU
		{EE5F03C6-BF62-457A-9FE3-3B951C9677F1}.Debug|Any CPU.ActiveCfg = Debug|Any CPU
		{EE5F03C6-BF62-457A-9FE3-3B951C9677F1}.Debug|Any CPU.Build.0 = Debug|Any CPU
		{EE5F03C6-BF62-457A-9FE3-3B951C9677F1}.Release|Any CPU.ActiveCfg = Release|Any CPU
		{EE5F03C6-BF62-457A-9FE3-3B951C9677F1}.Release|Any CPU.Build.0 = Release|Any CPU
	EndGlobalSection
	GlobalSection(SolutionProperties) = preSolution
		HideSolutionNode = FALSE
	EndGlobalSection
	GlobalSection(ExtensibilityGlobals) = postSolution
		SolutionGuid = {84D4569F-DF64-4FE6-9594-30EBE4B3B1C5}
	EndGlobalSection
EndGlobal
